
Microsoft Visual Studio Solution File, Format Version 12.00
# Visual Studio Version 16
VisualStudioVersion = 16.0.31729.503
MinimumVisualStudioVersion = 10.0.40219.1
Project("{9A19103F-16F7-4668-BE54-9A1E7A4F7556}") = "STVNUIApplication1", "STVNUIApplication1.csproj", "{0CD28EA5-0BAE-4BF5-8550-AE9E4D37EE93}"
EndProject
Project("{9A19103F-16F7-4668-BE54-9A1E7A4F7556}") = "MySharpDLL", "..\MySharpDLL\MySharpDLL.csproj", "{70E263C3-0C2A-4551-806E-D227C21970E0}"
EndProject
Project("{8BC9CEB8-8B4A-11D0-8D11-00A0C91BC942}") = "cli2", "..\cli2\cli2.vcxproj", "{21F06D2D-2AFE-4F37-B00E-FD85D68E575E}"
EndProject
Global
	GlobalSection(SolutionConfigurationPlatforms) = preSolution
		Debug|Any CPU = Debug|Any CPU
		Debug|x64 = Debug|x64
		Debug|x86 = Debug|x86
		Release|Any CPU = Release|Any CPU
		Release|x64 = Release|x64
		Release|x86 = Release|x86
	EndGlobalSection
	GlobalSection(ProjectConfigurationPlatforms) = postSolution
		{0CD28EA5-0BAE-4BF5-8550-AE9E4D37EE93}.Debug|Any CPU.ActiveCfg = Debug|Any CPU
		{0CD28EA5-0BAE-4BF5-8550-AE9E4D37EE93}.Debug|Any CPU.Build.0 = Debug|Any CPU
		{0CD28EA5-0BAE-4BF5-8550-AE9E4D37EE93}.Debug|x64.ActiveCfg = Debug|Any CPU
		{0CD28EA5-0BAE-4BF5-8550-AE9E4D37EE93}.Debug|x64.Build.0 = Debug|Any CPU
		{0CD28EA5-0BAE-4BF5-8550-AE9E4D37EE93}.Debug|x86.ActiveCfg = Debug|Any CPU
		{0CD28EA5-0BAE-4BF5-8550-AE9E4D37EE93}.Debug|x86.Build.0 = Debug|Any CPU
		{0CD28EA5-0BAE-4BF5-8550-AE9E4D37EE93}.Release|Any CPU.ActiveCfg = Release|Any CPU
		{0CD28EA5-0BAE-4BF5-8550-AE9E4D37EE93}.Release|Any CPU.Build.0 = Release|Any CPU
		{0CD28EA5-0BAE-4BF5-8550-AE9E4D37EE93}.Release|x64.ActiveCfg = Release|Any CPU
		{0CD28EA5-0BAE-4BF5-8550-AE9E4D37EE93}.Release|x64.Build.0 = Release|Any CPU
		{0CD28EA5-0BAE-4BF5-8550-AE9E4D37EE93}.Release|x86.ActiveCfg = Release|Any CPU
		{0CD28EA5-0BAE-4BF5-8550-AE9E4D37EE93}.Release|x86.Build.0 = Release|Any CPU
		{70E263C3-0C2A-4551-806E-D227C21970E0}.Debug|Any CPU.ActiveCfg = Debug|Any CPU
		{70E263C3-0C2A-4551-806E-D227C21970E0}.Debug|Any CPU.Build.0 = Debug|Any CPU
		{70E263C3-0C2A-4551-806E-D227C21970E0}.Debug|x64.ActiveCfg = Debug|Any CPU
		{70E263C3-0C2A-4551-806E-D227C21970E0}.Debug|x64.Build.0 = Debug|Any CPU
		{70E263C3-0C2A-4551-806E-D227C21970E0}.Debug|x86.ActiveCfg = Debug|Any CPU
		{70E263C3-0C2A-4551-806E-D227C21970E0}.Debug|x86.Build.0 = Debug|Any CPU
		{70E263C3-0C2A-4551-806E-D227C21970E0}.Release|Any CPU.ActiveCfg = Release|Any CPU
		{70E263C3-0C2A-4551-806E-D227C21970E0}.Release|Any CPU.Build.0 = Release|Any CPU
		{70E263C3-0C2A-4551-806E-D227C21970E0}.Release|x64.ActiveCfg = Release|Any CPU
		{70E263C3-0C2A-4551-806E-D227C21970E0}.Release|x64.Build.0 = Release|Any CPU
		{70E263C3-0C2A-4551-806E-D227C21970E0}.Release|x86.ActiveCfg = Release|Any CPU
		{70E263C3-0C2A-4551-806E-D227C21970E0}.Release|x86.Build.0 = Release|Any CPU
		{21F06D2D-2AFE-4F37-B00E-FD85D68E575E}.Debug|Any CPU.ActiveCfg = Debug|Win32
		{21F06D2D-2AFE-4F37-B00E-FD85D68E575E}.Debug|x64.ActiveCfg = Debug|x64
		{21F06D2D-2AFE-4F37-B00E-FD85D68E575E}.Debug|x64.Build.0 = Debug|x64
		{21F06D2D-2AFE-4F37-B00E-FD85D68E575E}.Debug|x86.ActiveCfg = Debug|Win32
		{21F06D2D-2AFE-4F37-B00E-FD85D68E575E}.Debug|x86.Build.0 = Debug|Win32
		{21F06D2D-2AFE-4F37-B00E-FD85D68E575E}.Release|Any CPU.ActiveCfg = Release|Win32
		{21F06D2D-2AFE-4F37-B00E-FD85D68E575E}.Release|x64.ActiveCfg = Release|x64
		{21F06D2D-2AFE-4F37-B00E-FD85D68E575E}.Release|x64.Build.0 = Release|x64
		{21F06D2D-2AFE-4F37-B00E-FD85D68E575E}.Release|x86.ActiveCfg = Release|Win32
		{21F06D2D-2AFE-4F37-B00E-FD85D68E575E}.Release|x86.Build.0 = Release|Win32
	EndGlobalSection
	GlobalSection(SolutionProperties) = preSolution
		HideSolutionNode = FALSE
	EndGlobalSection
	GlobalSection(ExtensibilityGlobals) = postSolution
		SolutionGuid = {6A684AB2-FFA2-4D3B-8B19-0DFB21921C1F}
	EndGlobalSection
EndGlobal
